
Microsoft Visual Studio Solution File, Format Version 12.00
# Visual Studio Version 17
VisualStudioVersion = 17.13.35919.96 d17.13
MinimumVisualStudioVersion = 10.0.40219.1
Project("{FAE04EC0-301F-11D3-BF4B-00C04F79EFBC}") = "EduquizHero", "EduquizHero\EduquizHero.csproj", "{B7D00407-9269-4CF8-8403-E3098BD49B06}"
EndProject
Global
	GlobalSection(SolutionConfigurationPlatforms) = preSolution
		Debug|Any CPU = Debug|Any CPU
		Release|Any CPU = Release|Any CPU
	EndGlobalSection
	GlobalSection(ProjectConfigurationPlatforms) = postSolution
		{B7D00407-9269-4CF8-8403-E3098BD49B06}.Debug|Any CPU.ActiveCfg = Debug|Any CPU
		{B7D00407-9269-4CF8-8403-E3098BD49B06}.Debug|Any CPU.Build.0 = Debug|Any CPU
		{B7D00407-9269-4CF8-8403-E3098BD49B06}.Release|Any CPU.ActiveCfg = Release|Any CPU
		{B7D00407-9269-4CF8-8403-E3098BD49B06}.Release|Any CPU.Build.0 = Release|Any CPU
	EndGlobalSection
	GlobalSection(SolutionProperties) = preSolution
		HideSolutionNode = FALSE
	EndGlobalSection
	GlobalSection(ExtensibilityGlobals) = postSolution
		SolutionGuid = {D6D970A1-4394-44F4-85EF-466FF79B4707}
	EndGlobalSection
EndGlobal
